// !$*UTF8*$!
{
	archiveVersion = 1;
	classes = {
	};
	objectVersion = 56;
	objects = {

/* Begin PBXBuildFile section */
		D007D9F329FA857500046A23 /* AppDelegate.swift in Sources */ = {isa = PBXBuildFile; fileRef = D007D9F229FA857500046A23 /* AppDelegate.swift */; };
		D007D9F529FA857500046A23 /* SceneDelegate.swift in Sources */ = {isa = PBXBuildFile; fileRef = D007D9F429FA857500046A23 /* SceneDelegate.swift */; };
		D007D9F729FA857500046A23 /* LoginVC.swift in Sources */ = {isa = PBXBuildFile; fileRef = D007D9F629FA857500046A23 /* LoginVC.swift */; };
		D007D9FC29FA857600046A23 /* Assets.xcassets in Resources */ = {isa = PBXBuildFile; fileRef = D007D9FB29FA857600046A23 /* Assets.xcassets */; };
		D007D9FF29FA857600046A23 /* LaunchScreen.storyboard in Resources */ = {isa = PBXBuildFile; fileRef = D007D9FD29FA857600046A23 /* LaunchScreen.storyboard */; };
		D03D974529FA906A006A4CEC /* SnapKit in Frameworks */ = {isa = PBXBuildFile; productRef = D03D974429FA906A006A4CEC /* SnapKit */; };
		D03D974729FA962B006A4CEC /* AuthorizationVC.swift in Sources */ = {isa = PBXBuildFile; fileRef = D03D974629FA962B006A4CEC /* AuthorizationVC.swift */; };
		D03D974929FA9A7B006A4CEC /* GalleryVC.swift in Sources */ = {isa = PBXBuildFile; fileRef = D03D974829FA9A7B006A4CEC /* GalleryVC.swift */; };
		D03D974B29FA9F48006A4CEC /* DetailsVC.swift in Sources */ = {isa = PBXBuildFile; fileRef = D03D974A29FA9F48006A4CEC /* DetailsVC.swift */; };
/* End PBXBuildFile section */

/* Begin PBXFileReference section */
		D007D9EF29FA857500046A23 /* TestMUp.app */ = {isa = PBXFileReference; explicitFileType = wrapper.application; includeInIndex = 0; path = TestMUp.app; sourceTree = BUILT_PRODUCTS_DIR; };
		D007D9F229FA857500046A23 /* AppDelegate.swift */ = {isa = PBXFileReference; lastKnownFileType = sourcecode.swift; path = AppDelegate.swift; sourceTree = "<group>"; };
		D007D9F429FA857500046A23 /* SceneDelegate.swift */ = {isa = PBXFileReference; lastKnownFileType = sourcecode.swift; path = SceneDelegate.swift; sourceTree = "<group>"; };
		D007D9F629FA857500046A23 /* LoginVC.swift */ = {isa = PBXFileReference; lastKnownFileType = sourcecode.swift; path = LoginVC.swift; sourceTree = "<group>"; };
		D007D9FB29FA857600046A23 /* Assets.xcassets */ = {isa = PBXFileReference; lastKnownFileType = folder.assetcatalog; path = Assets.xcassets; sourceTree = "<group>"; };
		D007D9FE29FA857600046A23 /* Base */ = {isa = PBXFileReference; lastKnownFileType = file.storyboard; name = Base; path = Base.lproj/LaunchScreen.storyboard; sourceTree = "<group>"; };
		D007DA0029FA857600046A23 /* Info.plist */ = {isa = PBXFileReference; lastKnownFileType = text.plist.xml; path = Info.plist; sourceTree = "<group>"; };
		D03D974629FA962B006A4CEC /* AuthorizationVC.swift */ = {isa = PBXFileReference; lastKnownFileType = sourcecode.swift; path = AuthorizationVC.swift; sourceTree = "<group>"; };
		D03D974829FA9A7B006A4CEC /* GalleryVC.swift */ = {isa = PBXFileReference; lastKnownFileType = sourcecode.swift; path = GalleryVC.swift; sourceTree = "<group>"; };
		D03D974A29FA9F48006A4CEC /* DetailsVC.swift */ = {isa = PBXFileReference; lastKnownFileType = sourcecode.swift; path = DetailsVC.swift; sourceTree = "<group>"; };
/* End PBXFileReference section */

/* Begin PBXFrameworksBuildPhase section */
		D007D9EC29FA857500046A23 /* Frameworks */ = {
			isa = PBXFrameworksBuildPhase;
			buildActionMask = 2147483647;
			files = (
				D03D974529FA906A006A4CEC /* SnapKit in Frameworks */,
			);
			runOnlyForDeploymentPostprocessing = 0;
		};
/* End PBXFrameworksBuildPhase section */

/* Begin PBXGroup section */
		D007D9E629FA857500046A23 = {
			isa = PBXGroup;
			children = (
				D007D9F129FA857500046A23 /* TestMUp */,
				D007D9F029FA857500046A23 /* Products */,
			);
			sourceTree = "<group>";
		};
		D007D9F029FA857500046A23 /* Products */ = {
			isa = PBXGroup;
			children = (
				D007D9EF29FA857500046A23 /* TestMUp.app */,
			);
			name = Products;
			sourceTree = "<group>";
		};
		D007D9F129FA857500046A23 /* TestMUp */ = {
			isa = PBXGroup;
			children = (
				D03D973E29FA8E73006A4CEC /* App */,
				D03D974129FA8E91006A4CEC /* Model */,
				D03D974029FA8E8B006A4CEC /* View */,
				D03D973F29FA8E7E006A4CEC /* Controller */,
				D03D974229FA8EA9006A4CEC /* Resources */,
				D007DA0029FA857600046A23 /* Info.plist */,
			);
			path = TestMUp;
			sourceTree = "<group>";
		};
		D03D973E29FA8E73006A4CEC /* App */ = {
			isa = PBXGroup;
			children = (
				D007D9F229FA857500046A23 /* AppDelegate.swift */,
				D007D9F429FA857500046A23 /* SceneDelegate.swift */,
			);
			path = App;
			sourceTree = "<group>";
		};
		D03D973F29FA8E7E006A4CEC /* Controller */ = {
			isa = PBXGroup;
			children = (
				D007D9F629FA857500046A23 /* LoginVC.swift */,
				D03D974629FA962B006A4CEC /* AuthorizationVC.swift */,
				D03D974829FA9A7B006A4CEC /* GalleryVC.swift */,
				D03D974A29FA9F48006A4CEC /* DetailsVC.swift */,
			);
			path = Controller;
			sourceTree = "<group>";
		};
		D03D974029FA8E8B006A4CEC /* View */ = {
			isa = PBXGroup;
			children = (
				D007D9FD29FA857600046A23 /* LaunchScreen.storyboard */,
			);
			path = View;
			sourceTree = "<group>";
		};
		D03D974129FA8E91006A4CEC /* Model */ = {
			isa = PBXGroup;
			children = (
			);
			path = Model;
			sourceTree = "<group>";
		};
		D03D974229FA8EA9006A4CEC /* Resources */ = {
			isa = PBXGroup;
			children = (
				D007D9FB29FA857600046A23 /* Assets.xcassets */,
			);
			path = Resources;
			sourceTree = "<group>";
		};
/* End PBXGroup section */

/* Begin PBXNativeTarget section */
		D007D9EE29FA857500046A23 /* TestMUp */ = {
			isa = PBXNativeTarget;
			buildConfigurationList = D007DA0329FA857600046A23 /* Build configuration list for PBXNativeTarget "TestMUp" */;
			buildPhases = (
				D007D9EB29FA857500046A23 /* Sources */,
				D007D9EC29FA857500046A23 /* Frameworks */,
				D007D9ED29FA857500046A23 /* Resources */,
			);
			buildRules = (
			);
			dependencies = (
			);
			name = TestMUp;
			packageProductDependencies = (
				D03D974429FA906A006A4CEC /* SnapKit */,
			);
			productName = TestMUp;
			productReference = D007D9EF29FA857500046A23 /* TestMUp.app */;
			productType = "com.apple.product-type.application";
		};
/* End PBXNativeTarget section */

/* Begin PBXProject section */
		D007D9E729FA857500046A23 /* Project object */ = {
			isa = PBXProject;
			attributes = {
				BuildIndependentTargetsInParallel = 1;
				LastSwiftUpdateCheck = 1430;
				LastUpgradeCheck = 1430;
				TargetAttributes = {
					D007D9EE29FA857500046A23 = {
						CreatedOnToolsVersion = 14.3;
					};
				};
			};
			buildConfigurationList = D007D9EA29FA857500046A23 /* Build configuration list for PBXProject "TestMUp" */;
			compatibilityVersion = "Xcode 14.0";
			developmentRegion = en;
			hasScannedForEncodings = 0;
			knownRegions = (
				en,
				Base,
			);
			mainGroup = D007D9E629FA857500046A23;
			packageReferences = (
				D03D974329FA906A006A4CEC /* XCRemoteSwiftPackageReference "SnapKit" */,
			);
			productRefGroup = D007D9F029FA857500046A23 /* Products */;
			projectDirPath = "";
			projectRoot = "";
			targets = (
				D007D9EE29FA857500046A23 /* TestMUp */,
			);
		};
/* End PBXProject section */

/* Begin PBXResourcesBuildPhase section */
		D007D9ED29FA857500046A23 /* Resources */ = {
			isa = PBXResourcesBuildPhase;
			buildActionMask = 2147483647;
			files = (
				D007D9FF29FA857600046A23 /* LaunchScreen.storyboard in Resources */,
				D007D9FC29FA857600046A23 /* Assets.xcassets in Resources */,
			);
			runOnlyForDeploymentPostprocessing = 0;
		};
/* End PBXResourcesBuildPhase section */

/* Begin PBXSourcesBuildPhase section */
		D007D9EB29FA857500046A23 /* Sources */ = {
			isa = PBXSourcesBuildPhase;
			buildActionMask = 2147483647;
			files = (
				D007D9F729FA857500046A23 /* LoginVC.swift in Sources */,
				D03D974B29FA9F48006A4CEC /* DetailsVC.swift in Sources */,
				D03D974929FA9A7B006A4CEC /* GalleryVC.swift in Sources */,
				D007D9F329FA857500046A23 /* AppDelegate.swift in Sources */,
				D03D974729FA962B006A4CEC /* AuthorizationVC.swift in Sources */,
				D007D9F529FA857500046A23 /* SceneDelegate.swift in Sources */,
			);
			runOnlyForDeploymentPostprocessing = 0;
		};
/* End PBXSourcesBuildPhase section */

/* Begin PBXVariantGroup section */
		D007D9FD29FA857600046A23 /* LaunchScreen.storyboard */ = {
			isa = PBXVariantGroup;
			children = (
				D007D9FE29FA857600046A23 /* Base */,
			);
			name = LaunchScreen.storyboard;
			sourceTree = "<group>";
		};
/* End PBXVariantGroup section */

/* Begin XCBuildConfiguration section */
		D007DA0129FA857600046A23 /* Debug */ = {
			isa = XCBuildConfiguration;
			buildSettings = {
				ALWAYS_SEARCH_USER_PATHS = NO;
				CLANG_ANALYZER_NONNULL = YES;
				CLANG_ANALYZER_NUMBER_OBJECT_CONVERSION = YES_AGGRESSIVE;
				CLANG_CXX_LANGUAGE_STANDARD = "gnu++20";
				CLANG_ENABLE_MODULES = YES;
				CLANG_ENABLE_OBJC_ARC = YES;
				CLANG_ENABLE_OBJC_WEAK = YES;
				CLANG_WARN_BLOCK_CAPTURE_AUTORELEASING = YES;
				CLANG_WARN_BOOL_CONVERSION = YES;
				CLANG_WARN_COMMA = YES;
				CLANG_WARN_CONSTANT_CONVERSION = YES;
				CLANG_WARN_DEPRECATED_OBJC_IMPLEMENTATIONS = YES;
				CLANG_WARN_DIRECT_OBJC_ISA_USAGE = YES_ERROR;
				CLANG_WARN_DOCUMENTATION_COMMENTS = YES;
				CLANG_WARN_EMPTY_BODY = YES;
				CLANG_WARN_ENUM_CONVERSION = YES;
				CLANG_WARN_INFINITE_RECURSION = YES;
				CLANG_WARN_INT_CONVERSION = YES;
				CLANG_WARN_NON_LITERAL_NULL_CONVERSION = YES;
				CLANG_WARN_OBJC_IMPLICIT_RETAIN_SELF = YES;
				CLANG_WARN_OBJC_LITERAL_CONVERSION = YES;
				CLANG_WARN_OBJC_ROOT_CLASS = YES_ERROR;
				CLANG_WARN_QUOTED_INCLUDE_IN_FRAMEWORK_HEADER = YES;
				CLANG_WARN_RANGE_LOOP_ANALYSIS = YES;
				CLANG_WARN_STRICT_PROTOTYPES = YES;
				CLANG_WARN_SUSPICIOUS_MOVE = YES;
				CLANG_WARN_UNGUARDED_AVAILABILITY = YES_AGGRESSIVE;
				CLANG_WARN_UNREACHABLE_CODE = YES;
				CLANG_WARN__DUPLICATE_METHOD_MATCH = YES;
				COPY_PHASE_STRIP = NO;
				DEBUG_INFORMATION_FORMAT = dwarf;
				ENABLE_STRICT_OBJC_MSGSEND = YES;
				ENABLE_TESTABILITY = YES;
				GCC_C_LANGUAGE_STANDARD = gnu11;
				GCC_DYNAMIC_NO_PIC = NO;
				GCC_NO_COMMON_BLOCKS = YES;
				GCC_OPTIMIZATION_LEVEL = 0;
				GCC_PREPROCESSOR_DEFINITIONS = (
					"DEBUG=1",
					"$(inherited)",
				);
				GCC_WARN_64_TO_32_BIT_CONVERSION = YES;
				GCC_WARN_ABOUT_RETURN_TYPE = YES_ERROR;
				GCC_WARN_UNDECLARED_SELECTOR = YES;
				GCC_WARN_UNINITIALIZED_AUTOS = YES_AGGRESSIVE;
				GCC_WARN_UNUSED_FUNCTION = YES;
				GCC_WARN_UNUSED_VARIABLE = YES;
				IPHONEOS_DEPLOYMENT_TARGET = 16.4;
				MTL_ENABLE_DEBUG_INFO = INCLUDE_SOURCE;
				MTL_FAST_MATH = YES;
				ONLY_ACTIVE_ARCH = YES;
				SDKROOT = iphoneos;
				SWIFT_ACTIVE_COMPILATION_CONDITIONS = DEBUG;
				SWIFT_OPTIMIZATION_LEVEL = "-Onone";
			};
			name = Debug;
		};
		D007DA0229FA857600046A23 /* Release */ = {
			isa = XCBuildConfiguration;
			buildSettings = {
				ALWAYS_SEARCH_USER_PATHS = NO;
				CLANG_ANALYZER_NONNULL = YES;
				CLANG_ANALYZER_NUMBER_OBJECT_CONVERSION = YES_AGGRESSIVE;
				CLANG_CXX_LANGUAGE_STANDARD = "gnu++20";
				CLANG_ENABLE_MODULES = YES;
				CLANG_ENABLE_OBJC_ARC = YES;
				CLANG_ENABLE_OBJC_WEAK = YES;
				CLANG_WARN_BLOCK_CAPTURE_AUTORELEASING = YES;
				CLANG_WARN_BOOL_CONVERSION = YES;
				CLANG_WARN_COMMA = YES;
				CLANG_WARN_CONSTANT_CONVERSION = YES;
				CLANG_WARN_DEPRECATED_OBJC_IMPLEMENTATIONS = YES;
				CLANG_WARN_DIRECT_OBJC_ISA_USAGE = YES_ERROR;
				CLANG_WARN_DOCUMENTATION_COMMENTS = YES;
				CLANG_WARN_EMPTY_BODY = YES;
				CLANG_WARN_ENUM_CONVERSION = YES;
				CLANG_WARN_INFINITE_RECURSION = YES;
				CLANG_WARN_INT_CONVERSION = YES;
				CLANG_WARN_NON_LITERAL_NULL_CONVERSION = YES;
				CLANG_WARN_OBJC_IMPLICIT_RETAIN_SELF = YES;
				CLANG_WARN_OBJC_LITERAL_CONVERSION = YES;
				CLANG_WARN_OBJC_ROOT_CLASS = YES_ERROR;
				CLANG_WARN_QUOTED_INCLUDE_IN_FRAMEWORK_HEADER = YES;
				CLANG_WARN_RANGE_LOOP_ANALYSIS = YES;
				CLANG_WARN_STRICT_PROTOTYPES = YES;
				CLANG_WARN_SUSPICIOUS_MOVE = YES;
				CLANG_WARN_UNGUARDED_AVAILABILITY = YES_AGGRESSIVE;
				CLANG_WARN_UNREACHABLE_CODE = YES;
				CLANG_WARN__DUPLICATE_METHOD_MATCH = YES;
				COPY_PHASE_STRIP = NO;
				DEBUG_INFORMATION_FORMAT = "dwarf-with-dsym";
				ENABLE_NS_ASSERTIONS = NO;
				ENABLE_STRICT_OBJC_MSGSEND = YES;
				GCC_C_LANGUAGE_STANDARD = gnu11;
				GCC_NO_COMMON_BLOCKS = YES;
				GCC_WARN_64_TO_32_BIT_CONVERSION = YES;
				GCC_WARN_ABOUT_RETURN_TYPE = YES_ERROR;
				GCC_WARN_UNDECLARED_SELECTOR = YES;
				GCC_WARN_UNINITIALIZED_AUTOS = YES_AGGRESSIVE;
				GCC_WARN_UNUSED_FUNCTION = YES;
				GCC_WARN_UNUSED_VARIABLE = YES;
				IPHONEOS_DEPLOYMENT_TARGET = 16.4;
				MTL_ENABLE_DEBUG_INFO = NO;
				MTL_FAST_MATH = YES;
				SDKROOT = iphoneos;
				SWIFT_COMPILATION_MODE = wholemodule;
				SWIFT_OPTIMIZATION_LEVEL = "-O";
				VALIDATE_PRODUCT = YES;
			};
			name = Release;
		};
		D007DA0429FA857600046A23 /* Debug */ = {
			isa = XCBuildConfiguration;
			buildSettings = {
				ASSETCATALOG_COMPILER_APPICON_NAME = AppIcon;
				ASSETCATALOG_COMPILER_GLOBAL_ACCENT_COLOR_NAME = AccentColor;
				CODE_SIGN_STYLE = Automatic;
				CURRENT_PROJECT_VERSION = 1;
				DEVELOPMENT_TEAM = B7Y7QR66JR;
				GENERATE_INFOPLIST_FILE = YES;
				INFOPLIST_FILE = TestMUp/Info.plist;
				INFOPLIST_KEY_UIApplicationSupportsIndirectInputEvents = YES;
				INFOPLIST_KEY_UILaunchStoryboardName = LaunchScreen;
				INFOPLIST_KEY_UISupportedInterfaceOrientations = UIInterfaceOrientationPortrait;
				INFOPLIST_KEY_UISupportedInterfaceOrientations_iPad = "UIInterfaceOrientationLandscapeLeft UIInterfaceOrientationLandscapeRight UIInterfaceOrientationPortrait UIInterfaceOrientationPortraitUpsideDown";
				IPHONEOS_DEPLOYMENT_TARGET = 15.0;
				LD_RUNPATH_SEARCH_PATHS = (
					"$(inherited)",
					"@executable_path/Frameworks",
				);
				MARKETING_VERSION = 1.0;
				PRODUCT_BUNDLE_IDENTIFIER = com.example.TestMUp;
				PRODUCT_NAME = "$(TARGET_NAME)";
				SUPPORTED_PLATFORMS = "iphoneos iphonesimulator";
				SUPPORTS_MACCATALYST = NO;
				SUPPORTS_MAC_DESIGNED_FOR_IPHONE_IPAD = NO;
				SWIFT_EMIT_LOC_STRINGS = YES;
				SWIFT_VERSION = 5.0;
				TARGETED_DEVICE_FAMILY = 1;
			};
			name = Debug;
		};
		D007DA0529FA857600046A23 /* Release */ = {
			isa = XCBuildConfiguration;
			buildSettings = {
				ASSETCATALOG_COMPILER_APPICON_NAME = AppIcon;
				ASSETCATALOG_COMPILER_GLOBAL_ACCENT_COLOR_NAME = AccentColor;
				CODE_SIGN_STYLE = Automatic;
				CURRENT_PROJECT_VERSION = 1;
				DEVELOPMENT_TEAM = B7Y7QR66JR;
				GENERATE_INFOPLIST_FILE = YES;
				INFOPLIST_FILE = TestMUp/Info.plist;
				INFOPLIST_KEY_UIApplicationSupportsIndirectInputEvents = YES;
				INFOPLIST_KEY_UILaunchStoryboardName = LaunchScreen;
				INFOPLIST_KEY_UISupportedInterfaceOrientations = UIInterfaceOrientationPortrait;
				INFOPLIST_KEY_UISupportedInterfaceOrientations_iPad = "UIInterfaceOrientationLandscapeLeft UIInterfaceOrientationLandscapeRight UIInterfaceOrientationPortrait UIInterfaceOrientationPortraitUpsideDown";
				IPHONEOS_DEPLOYMENT_TARGET = 15.0;
				LD_RUNPATH_SEARCH_PATHS = (
					"$(inherited)",
					"@executable_path/Frameworks",
				);
				MARKETING_VERSION = 1.0;
				PRODUCT_BUNDLE_IDENTIFIER = com.example.TestMUp;
				PRODUCT_NAME = "$(TARGET_NAME)";
				SUPPORTED_PLATFORMS = "iphoneos iphonesimulator";
				SUPPORTS_MACCATALYST = NO;
				SUPPORTS_MAC_DESIGNED_FOR_IPHONE_IPAD = NO;
				SWIFT_EMIT_LOC_STRINGS = YES;
				SWIFT_VERSION = 5.0;
				TARGETED_DEVICE_FAMILY = 1;
			};
			name = Release;
		};
/* End XCBuildConfiguration section */

/* Begin XCConfigurationList section */
		D007D9EA29FA857500046A23 /* Build configuration list for PBXProject "TestMUp" */ = {
			isa = XCConfigurationList;
			buildConfigurations = (
				D007DA0129FA857600046A23 /* Debug */,
				D007DA0229FA857600046A23 /* Release */,
			);
			defaultConfigurationIsVisible = 0;
			defaultConfigurationName = Release;
		};
		D007DA0329FA857600046A23 /* Build configuration list for PBXNativeTarget "TestMUp" */ = {
			isa = XCConfigurationList;
			buildConfigurations = (
				D007DA0429FA857600046A23 /* Debug */,
				D007DA0529FA857600046A23 /* Release */,
			);
			defaultConfigurationIsVisible = 0;
			defaultConfigurationName = Release;
		};
/* End XCConfigurationList section */

/* Begin XCRemoteSwiftPackageReference section */
		D03D974329FA906A006A4CEC /* XCRemoteSwiftPackageReference "SnapKit" */ = {
			isa = XCRemoteSwiftPackageReference;
			repositoryURL = "https://github.com/SnapKit/SnapKit.git";
			requirement = {
				kind = upToNextMajorVersion;
				minimumVersion = 5.0.0;
			};
		};
/* End XCRemoteSwiftPackageReference section */

/* Begin XCSwiftPackageProductDependency section */
		D03D974429FA906A006A4CEC /* SnapKit */ = {
			isa = XCSwiftPackageProductDependency;
			package = D03D974329FA906A006A4CEC /* XCRemoteSwiftPackageReference "SnapKit" */;
			productName = SnapKit;
		};
/* End XCSwiftPackageProductDependency section */
	};
	rootObject = D007D9E729FA857500046A23 /* Project object */;
}
